// !$*UTF8*$!
{
	archiveVersion = 1;
	classes = {
	};
	objectVersion = 46;
	objects = {

/* Begin PBXBuildFile section */
		07F5E0EC19C47049008D6A76 /* AppDelegate.swift in Sources */ = {isa = PBXBuildFile; fileRef = 07F5E0EB19C47049008D6A76 /* AppDelegate.swift */; };
		07F5E0EE19C47049008D6A76 /* ViewController.swift in Sources */ = {isa = PBXBuildFile; fileRef = 07F5E0ED19C47049008D6A76 /* ViewController.swift */; };
		07F5E0F119C47049008D6A76 /* Main.storyboard in Resources */ = {isa = PBXBuildFile; fileRef = 07F5E0EF19C47049008D6A76 /* Main.storyboard */; };
		07F5E0F319C47049008D6A76 /* Images.xcassets in Resources */ = {isa = PBXBuildFile; fileRef = 07F5E0F219C47049008D6A76 /* Images.xcassets */; };
		07F5E0F619C47049008D6A76 /* LaunchScreen.xib in Resources */ = {isa = PBXBuildFile; fileRef = 07F5E0F419C47049008D6A76 /* LaunchScreen.xib */; };
		07F5E10C19C47072008D6A76 /* MyModalViewController.swift in Sources */ = {isa = PBXBuildFile; fileRef = 07F5E10B19C47072008D6A76 /* MyModalViewController.swift */; };
/* End PBXBuildFile section */

/* Begin PBXFileReference section */
		07C051A219C56ED800831839 /* README.md */ = {isa = PBXFileReference; fileEncoding = 4; lastKnownFileType = net.daringfireball.markdown; path = README.md; sourceTree = "<group>"; };
		07F5E0E619C47049008D6A76 /* DelegationExample.app */ = {isa = PBXFileReference; explicitFileType = wrapper.application; includeInIndex = 0; path = DelegationExample.app; sourceTree = BUILT_PRODUCTS_DIR; };
		07F5E0EA19C47049008D6A76 /* Info.plist */ = {isa = PBXFileReference; lastKnownFileType = text.plist.xml; path = Info.plist; sourceTree = "<group>"; };
		07F5E0EB19C47049008D6A76 /* AppDelegate.swift */ = {isa = PBXFileReference; lastKnownFileType = sourcecode.swift; path = AppDelegate.swift; sourceTree = "<group>"; };
		07F5E0ED19C47049008D6A76 /* ViewController.swift */ = {isa = PBXFileReference; lastKnownFileType = sourcecode.swift; path = ViewController.swift; sourceTree = "<group>"; };
		07F5E0F019C47049008D6A76 /* Base */ = {isa = PBXFileReference; lastKnownFileType = file.storyboard; name = Base; path = Base.lproj/Main.storyboard; sourceTree = "<group>"; };
		07F5E0F219C47049008D6A76 /* Images.xcassets */ = {isa = PBXFileReference; lastKnownFileType = folder.assetcatalog; path = Images.xcassets; sourceTree = "<group>"; };
		07F5E0F519C47049008D6A76 /* Base */ = {isa = PBXFileReference; lastKnownFileType = file.xib; name = Base; path = Base.lproj/LaunchScreen.xib; sourceTree = "<group>"; };
		07F5E10B19C47072008D6A76 /* MyModalViewController.swift */ = {isa = PBXFileReference; fileEncoding = 4; lastKnownFileType = sourcecode.swift; path = MyModalViewController.swift; sourceTree = "<group>"; };
/* End PBXFileReference section */

/* Begin PBXFrameworksBuildPhase section */
		07F5E0E319C47049008D6A76 /* Frameworks */ = {
			isa = PBXFrameworksBuildPhase;
			buildActionMask = 2147483647;
			files = (
			);
			runOnlyForDeploymentPostprocessing = 0;
		};
/* End PBXFrameworksBuildPhase section */

/* Begin PBXGroup section */
		07F5E0DD19C47049008D6A76 = {
			isa = PBXGroup;
			children = (
				07C051A219C56ED800831839 /* README.md */,
				07F5E0E819C47049008D6A76 /* DelegationExample */,
				07F5E0E719C47049008D6A76 /* Products */,
			);
			sourceTree = "<group>";
		};
		07F5E0E719C47049008D6A76 /* Products */ = {
			isa = PBXGroup;
			children = (
				07F5E0E619C47049008D6A76 /* DelegationExample.app */,
			);
			name = Products;
			sourceTree = "<group>";
		};
		07F5E0E819C47049008D6A76 /* DelegationExample */ = {
			isa = PBXGroup;
			children = (
				07F5E0EB19C47049008D6A76 /* AppDelegate.swift */,
				07F5E0ED19C47049008D6A76 /* ViewController.swift */,
				07F5E10B19C47072008D6A76 /* MyModalViewController.swift */,
				07F5E0EF19C47049008D6A76 /* Main.storyboard */,
				07F5E0F219C47049008D6A76 /* Images.xcassets */,
				07F5E0F419C47049008D6A76 /* LaunchScreen.xib */,
				07F5E0E919C47049008D6A76 /* Supporting Files */,
			);
			path = DelegationExample;
			sourceTree = "<group>";
		};
		07F5E0E919C47049008D6A76 /* Supporting Files */ = {
			isa = PBXGroup;
			children = (
				07F5E0EA19C47049008D6A76 /* Info.plist */,
			);
			name = "Supporting Files";
			sourceTree = "<group>";
		};
/* End PBXGroup section */

/* Begin PBXNativeTarget section */
		07F5E0E519C47049008D6A76 /* DelegationExample */ = {
			isa = PBXNativeTarget;
			buildConfigurationList = 07F5E10519C47049008D6A76 /* Build configuration list for PBXNativeTarget "DelegationExample" */;
			buildPhases = (
				07F5E0E219C47049008D6A76 /* Sources */,
				07F5E0E319C47049008D6A76 /* Frameworks */,
				07F5E0E419C47049008D6A76 /* Resources */,
			);
			buildRules = (
			);
			dependencies = (
			);
			name = DelegationExample;
			productName = DelegationExample;
			productReference = 07F5E0E619C47049008D6A76 /* DelegationExample.app */;
			productType = "com.apple.product-type.application";
		};
/* End PBXNativeTarget section */

/* Begin PBXProject section */
		07F5E0DE19C47049008D6A76 /* Project object */ = {
			isa = PBXProject;
			attributes = {
				LastUpgradeCheck = 0600;
				ORGANIZATIONNAME = "Plymouth University";
				TargetAttributes = {
					07F5E0E519C47049008D6A76 = {
						CreatedOnToolsVersion = 6.0;
						LastSwiftMigration = 0820;
					};
				};
			};
			buildConfigurationList = 07F5E0E119C47049008D6A76 /* Build configuration list for PBXProject "DelegationExample" */;
			compatibilityVersion = "Xcode 3.2";
			developmentRegion = English;
			hasScannedForEncodings = 0;
			knownRegions = (
				en,
				Base,
			);
			mainGroup = 07F5E0DD19C47049008D6A76;
			productRefGroup = 07F5E0E719C47049008D6A76 /* Products */;
			projectDirPath = "";
			projectRoot = "";
			targets = (
				07F5E0E519C47049008D6A76 /* DelegationExample */,
			);
		};
/* End PBXProject section */

/* Begin PBXResourcesBuildPhase section */
		07F5E0E419C47049008D6A76 /* Resources */ = {
			isa = PBXResourcesBuildPhase;
			buildActionMask = 2147483647;
			files = (
				07F5E0F119C47049008D6A76 /* Main.storyboard in Resources */,
				07F5E0F619C47049008D6A76 /* LaunchScreen.xib in Resources */,
				07F5E0F319C47049008D6A76 /* Images.xcassets in Resources */,
			);
			runOnlyForDeploymentPostprocessing = 0;
		};
/* End PBXResourcesBuildPhase section */

/* Begin PBXSourcesBuildPhase section */
		07F5E0E219C47049008D6A76 /* Sources */ = {
			isa = PBXSourcesBuildPhase;
			buildActionMask = 2147483647;
			files = (
				07F5E0EE19C47049008D6A76 /* ViewController.swift in Sources */,
				07F5E0EC19C47049008D6A76 /* AppDelegate.swift in Sources */,
				07F5E10C19C47072008D6A76 /* MyModalViewController.swift in Sources */,
			);
			runOnlyForDeploymentPostprocessing = 0;
		};
/* End PBXSourcesBuildPhase section */

/* Begin PBXVariantGroup section */
		07F5E0EF19C47049008D6A76 /* Main.storyboard */ = {
			isa = PBXVariantGroup;
			children = (
				07F5E0F019C47049008D6A76 /* Base */,
			);
			name = Main.storyboard;
			sourceTree = "<group>";
		};
		07F5E0F419C47049008D6A76 /* LaunchScreen.xib */ = {
			isa = PBXVariantGroup;
			children = (
				07F5E0F519C47049008D6A76 /* Base */,
			);
			name = LaunchScreen.xib;
			sourceTree = "<group>";
		};
/* End PBXVariantGroup section */

/* Begin XCBuildConfiguration section */
		07F5E10319C47049008D6A76 /* Debug */ = {
			isa = XCBuildConfiguration;
			buildSettings = {
				ALWAYS_SEARCH_USER_PATHS = NO;
				CLANG_CXX_LANGUAGE_STANDARD = "gnu++0x";
				CLANG_CXX_LIBRARY = "libc++";
				CLANG_ENABLE_MODULES = YES;
				CLANG_ENABLE_OBJC_ARC = YES;
				CLANG_WARN_BOOL_CONVERSION = YES;
				CLANG_WARN_CONSTANT_CONVERSION = YES;
				CLANG_WARN_DIRECT_OBJC_ISA_USAGE = YES_ERROR;
				CLANG_WARN_EMPTY_BODY = YES;
				CLANG_WARN_ENUM_CONVERSION = YES;
				CLANG_WARN_INT_CONVERSION = YES;
				CLANG_WARN_OBJC_ROOT_CLASS = YES_ERROR;
				CLANG_WARN_UNREACHABLE_CODE = YES;
				CLANG_WARN__DUPLICATE_METHOD_MATCH = YES;
				"CODE_SIGN_IDENTITY[sdk=iphoneos*]" = "iPhone Developer";
				COPY_PHASE_STRIP = NO;
				ENABLE_STRICT_OBJC_MSGSEND = YES;
				GCC_C_LANGUAGE_STANDARD = gnu99;
				GCC_DYNAMIC_NO_PIC = NO;
				GCC_OPTIMIZATION_LEVEL = 0;
				GCC_PREPROCESSOR_DEFINITIONS = (
					"DEBUG=1",
					"$(inherited)",
				);
				GCC_SYMBOLS_PRIVATE_EXTERN = NO;
				GCC_WARN_64_TO_32_BIT_CONVERSION = YES;
				GCC_WARN_ABOUT_RETURN_TYPE = YES_ERROR;
				GCC_WARN_UNDECLARED_SELECTOR = YES;
				GCC_WARN_UNINITIALIZED_AUTOS = YES_AGGRESSIVE;
				GCC_WARN_UNUSED_FUNCTION = YES;
				GCC_WARN_UNUSED_VARIABLE = YES;
				IPHONEOS_DEPLOYMENT_TARGET = 8.0;
				MTL_ENABLE_DEBUG_INFO = YES;
				ONLY_ACTIVE_ARCH = YES;
				SDKROOT = iphoneos;
				SWIFT_OPTIMIZATION_LEVEL = "-Onone";
				TARGETED_DEVICE_FAMILY = "1,2";
			};
			name = Debug;
		};
		07F5E10419C47049008D6A76 /* Release */ = {
			isa = XCBuildConfiguration;
			buildSettings = {
				ALWAYS_SEARCH_USER_PATHS = NO;
				CLANG_CXX_LANGUAGE_STANDARD = "gnu++0x";
				CLANG_CXX_LIBRARY = "libc++";
				CLANG_ENABLE_MODULES = YES;
				CLANG_ENABLE_OBJC_ARC = YES;
				CLANG_WARN_BOOL_CONVERSION = YES;
				CLANG_WARN_CONSTANT_CONVERSION = YES;
				CLANG_WARN_DIRECT_OBJC_ISA_USAGE = YES_ERROR;
				CLANG_WARN_EMPTY_BODY = YES;
				CLANG_WARN_ENUM_CONVERSION = YES;
				CLANG_WARN_INT_CONVERSION = YES;
				CLANG_WARN_OBJC_ROOT_CLASS = YES_ERROR;
				CLANG_WARN_UNREACHABLE_CODE = YES;
				CLANG_WARN__DUPLICATE_METHOD_MATCH = YES;
				"CODE_SIGN_IDENTITY[sdk=iphoneos*]" = "iPhone Developer";
				COPY_PHASE_STRIP = YES;
				ENABLE_NS_ASSERTIONS = NO;
				ENABLE_STRICT_OBJC_MSGSEND = YES;
				GCC_C_LANGUAGE_STANDARD = gnu99;
				GCC_WARN_64_TO_32_BIT_CONVERSION = YES;
				GCC_WARN_ABOUT_RETURN_TYPE = YES_ERROR;
				GCC_WARN_UNDECLARED_SELECTOR = YES;
				GCC_WARN_UNINITIALIZED_AUTOS = YES_AGGRESSIVE;
				GCC_WARN_UNUSED_FUNCTION = YES;
				GCC_WARN_UNUSED_VARIABLE = YES;
				IPHONEOS_DEPLOYMENT_TARGET = 8.0;
				MTL_ENABLE_DEBUG_INFO = NO;
				SDKROOT = iphoneos;
				TARGETED_DEVICE_FAMILY = "1,2";
				VALIDATE_PRODUCT = YES;
			};
			name = Release;
		};
		07F5E10619C47049008D6A76 /* Debug */ = {
			isa = XCBuildConfiguration;
			buildSettings = {
				ASSETCATALOG_COMPILER_APPICON_NAME = AppIcon;
				INFOPLIST_FILE = DelegationExample/Info.plist;
				LD_RUNPATH_SEARCH_PATHS = "$(inherited) @executable_path/Frameworks";
				PRODUCT_NAME = "$(TARGET_NAME)";
				SWIFT_VERSION = 3.0;
			};
			name = Debug;
		};
		07F5E10719C47049008D6A76 /* Release */ = {
			isa = XCBuildConfiguration;
			buildSettings = {
				ASSETCATALOG_COMPILER_APPICON_NAME = AppIcon;
				INFOPLIST_FILE = DelegationExample/Info.plist;
				LD_RUNPATH_SEARCH_PATHS = "$(inherited) @executable_path/Frameworks";
				PRODUCT_NAME = "$(TARGET_NAME)";
				SWIFT_VERSION = 3.0;
			};
			name = Release;
		};
/* End XCBuildConfiguration section */

/* Begin XCConfigurationList section */
		07F5E0E119C47049008D6A76 /* Build configuration list for PBXProject "DelegationExample" */ = {
			isa = XCConfigurationList;
			buildConfigurations = (
				07F5E10319C47049008D6A76 /* Debug */,
				07F5E10419C47049008D6A76 /* Release */,
			);
			defaultConfigurationIsVisible = 0;
			defaultConfigurationName = Release;
		};
		07F5E10519C47049008D6A76 /* Build configuration list for PBXNativeTarget "DelegationExample" */ = {
			isa = XCConfigurationList;
			buildConfigurations = (
				07F5E10619C47049008D6A76 /* Debug */,
				07F5E10719C47049008D6A76 /* Release */,
			);
			defaultConfigurationIsVisible = 0;
			defaultConfigurationName = Release;
		};
/* End XCConfigurationList section */
	};
	rootObject = 07F5E0DE19C47049008D6A76 /* Project object */;
}
